
Microsoft Visual Studio Solution File, Format Version 12.00
# Visual Studio Version 16
VisualStudioVersion = 16.0.29509.3
MinimumVisualStudioVersion = 10.0.40219.1
Project("{FAE04EC0-301F-11D3-BF4B-00C04F79EFBC}") = "MissingDataFixFinderFormsUI", "MissingDataFixFinderFormsUI\MissingDataFixFinderFormsUI.csproj", "{6CAA0519-04D4-4FD4-8348-AB73FA0EC721}"
EndProject
Project("{FAE04EC0-301F-11D3-BF4B-00C04F79EFBC}") = "MissingDataFixFinderLibrary", "MissingDataFixFinderLibrary\MissingDataFixFinderLibrary.csproj", "{73BD2202-69A8-4763-83A4-E9C4C4BEE91E}"
EndProject
Global
	GlobalSection(SolutionConfigurationPlatforms) = preSolution
		Debug|Any CPU = Debug|Any CPU
		Release|Any CPU = Release|Any CPU
	EndGlobalSection
	GlobalSection(ProjectConfigurationPlatforms) = postSolution
		{6CAA0519-04D4-4FD4-8348-AB73FA0EC721}.Debug|Any CPU.ActiveCfg = Debug|Any CPU
		{6CAA0519-04D4-4FD4-8348-AB73FA0EC721}.Debug|Any CPU.Build.0 = Debug|Any CPU
		{6CAA0519-04D4-4FD4-8348-AB73FA0EC721}.Release|Any CPU.ActiveCfg = Release|Any CPU
		{6CAA0519-04D4-4FD4-8348-AB73FA0EC721}.Release|Any CPU.Build.0 = Release|Any CPU
		{73BD2202-69A8-4763-83A4-E9C4C4BEE91E}.Debug|Any CPU.ActiveCfg = Debug|Any CPU
		{73BD2202-69A8-4763-83A4-E9C4C4BEE91E}.Debug|Any CPU.Build.0 = Debug|Any CPU
		{73BD2202-69A8-4763-83A4-E9C4C4BEE91E}.Release|Any CPU.ActiveCfg = Release|Any CPU
		{73BD2202-69A8-4763-83A4-E9C4C4BEE91E}.Release|Any CPU.Build.0 = Release|Any CPU
	EndGlobalSection
	GlobalSection(SolutionProperties) = preSolution
		HideSolutionNode = FALSE
	EndGlobalSection
	GlobalSection(ExtensibilityGlobals) = postSolution
		SolutionGuid = {92012B87-2E15-45B2-A302-3549A819AC78}
	EndGlobalSection
EndGlobal
